<?xml version="1.0" encoding="utf-8"?>
<Project ToolsVersion="4.0" xmlns="http://schemas.microsoft.com/developer/msbuild/2003">
  <ItemGroup>
    <Filter Include="Source Files">
      <UniqueIdentifier>{4FC737F1-C7A5-4376-A066-2A32D752A2FF}</UniqueIdentifier>
      <Extensions>cpp;c;cc;cxx;def;odl;idl;hpj;bat;asm;asmx</Extensions>
    </Filter>
    <Filter Include="Header Files">
      <UniqueIdentifier>{93995380-89BD-4b04-88EB-625FBE52EBFB}</UniqueIdentifier>
      <Extensions>h;hh;hpp;hxx;hm;inl;inc;xsd</Extensions>
    </Filter>
    <Filter Include="Resource Files">
      <UniqueIdentifier>{67DA6AB6-F800-4c08-8B7A-83BB121AAD01}</UniqueIdentifier>
      <Extensions>rc;ico;cur;bmp;dlg;rc2;rct;bin;rgs;gif;jpg;jpeg;jpe;resx;tiff;tif;png;wav;mfcribbon-ms</Extensions>
    </Filter>
    <Filter Include="Source Files\common">
      <UniqueIdentifier>{ecfe17a5-8257-45d1-a582-aa0d09fbecd7}</UniqueIdentifier>
    </Filter>
    <Filter Include="Source Files\common\network">
      <UniqueIdentifier>{3e51424b-ac57-4a2d-bcf1-f6331e83e3eb}</UniqueIdentifier>
    </Filter>
    <Filter Include="Source Files\common\network\tcp_socket">
      <UniqueIdentifier>{82c2635e-677a-4420-8cd3-f7d61662f6e2}</UniqueIdentifier>
    </Filter>
    <Filter Include="Source Files\common\network\transport">
      <UniqueIdentifier>{4dce4315-2b7c-4ba9-8709-2ec20204d8cc}</UniqueIdentifier>
    </Filter>
  </ItemGroup>
  <ItemGroup>
    <ClCompile Include="..\..\server\pch.cpp">
      <Filter>Source Files</Filter>
    </ClCompile>
    <ClCompile Include="..\..\server\main.cpp">
      <Filter>Source Files</Filter>
    </ClCompile>
    <ClCompile Include="..\..\submodules\CodeBase\network\tcp_socket\tcp_socket.cpp">
      <Filter>Source Files\common\network\tcp_socket</Filter>
    </ClCompile>
    <ClCompile Include="..\..\submodules\CodeBase\network\transport\CommandManager.cpp">
      <Filter>Source Files\common\network\transport</Filter>
    </ClCompile>
  </ItemGroup>
  <ItemGroup>
    <ClInclude Include="..\..\server\pch.h">
      <Filter>Source Files</Filter>
    </ClInclude>
    <ClInclude Include="..\..\submodules\CodeBase\network\tcp_socket\tcp_socket.h">
      <Filter>Source Files\common\network\tcp_socket</Filter>
    </ClInclude>
    <ClInclude Include="..\..\submodules\CodeBase\network\transport\CommandManager.h">
      <Filter>Source Files\common\network\transport</Filter>
    </ClInclude>
    <ClInclude Include="..\..\submodules\CodeBase\network\transport\PacketManager.h">
      <Filter>Source Files\common\network\transport</Filter>
    </ClInclude>
    <ClInclude Include="..\..\submodules\CodeBase\network\transport\ServerManager.h">
      <Filter>Source Files\common\network\transport</Filter>
    </ClInclude>
  </ItemGroup>
</Project>