
Microsoft Visual Studio Solution File, Format Version 12.00
# Visual Studio 2012
Project("{8BC9CEB8-8B4A-11D0-8D11-00A0C91BC942}") = "homeControl", "homeControl.vcxproj", "{3111D6DA-5BC3-4114-8B1B-C146C6CE885C}"
EndProject
Global
	GlobalSection(SolutionConfigurationPlatforms) = preSolution
		Debug|Win32 = Debug|Win32
		Release|Win32 = Release|Win32
	EndGlobalSection
	GlobalSection(ProjectConfigurationPlatforms) = postSolution
		{3111D6DA-5BC3-4114-8B1B-C146C6CE885C}.Debug|Win32.ActiveCfg = Debug|Win32
		{3111D6DA-5BC3-4114-8B1B-C146C6CE885C}.Debug|Win32.Build.0 = Debug|Win32
		{3111D6DA-5BC3-4114-8B1B-C146C6CE885C}.Release|Win32.ActiveCfg = Release|Win32
		{3111D6DA-5BC3-4114-8B1B-C146C6CE885C}.Release|Win32.Build.0 = Release|Win32
	EndGlobalSection
	GlobalSection(SolutionProperties) = preSolution
		HideSolutionNode = FALSE
	EndGlobalSection
EndGlobal
