<?xml version="1.0" encoding="utf-8"?>
<Project ToolsVersion="4.0" xmlns="http://schemas.microsoft.com/developer/msbuild/2003">
  <ItemGroup>
    <Filter Include="Source">
      <UniqueIdentifier>{f9a1664f-4993-4770-8e30-6ca9a6be748e}</UniqueIdentifier>
    </Filter>
    <Filter Include="Source\common">
      <UniqueIdentifier>{99c89382-5ad6-46ca-890d-5698132fa1c5}</UniqueIdentifier>
    </Filter>
    <Filter Include="Source\arduino">
      <UniqueIdentifier>{96abed2c-a0d6-47f9-aa4f-75e5b5cf7231}</UniqueIdentifier>
    </Filter>
  </ItemGroup>
  <ItemGroup>
    <ClInclude Include="..\..\client\pch.h">
      <Filter>Source</Filter>
    </ClInclude>
    <ClInclude Include="..\..\common\serialport.h">
      <Filter>Source\common</Filter>
    </ClInclude>
    <ClInclude Include="..\..\client\CommandManager.h">
      <Filter>Source</Filter>
    </ClInclude>
    <ClInclude Include="..\..\client\CommandHandlers.h">
      <Filter>Source</Filter>
    </ClInclude>
    <ClInclude Include="..\..\arduino\src\netCommand.h">
      <Filter>Source\arduino</Filter>
    </ClInclude>
  </ItemGroup>
  <ItemGroup>
    <ClCompile Include="..\..\client\main.cpp">
      <Filter>Source</Filter>
    </ClCompile>
    <ClCompile Include="..\..\client\pch.cpp">
      <Filter>Source</Filter>
    </ClCompile>
    <ClCompile Include="..\..\common\serialport_win32.cpp">
      <Filter>Source\common</Filter>
    </ClCompile>
    <ClCompile Include="..\..\client\CommandManager.cpp">
      <Filter>Source</Filter>
    </ClCompile>
  </ItemGroup>
</Project>